
Microsoft Visual Studio Solution File, Format Version 12.00
# Visual Studio Version 17
VisualStudioVersion = 17.9.34723.18
MinimumVisualStudioVersion = 10.0.40219.1
Project("{FAE04EC0-301F-11D3-BF4B-00C04F79EFBC}") = "WinForms_01_10_24", "WinForms_01_10_24\WinForms_01_10_24.csproj", "{6F63D7D7-3195-499C-8A54-3CE8A4CDE169}"
EndProject
Global
	GlobalSection(SolutionConfigurationPlatforms) = preSolution
		Debug|Any CPU = Debug|Any CPU
		Release|Any CPU = Release|Any CPU
	EndGlobalSection
	GlobalSection(ProjectConfigurationPlatforms) = postSolution
		{6F63D7D7-3195-499C-8A54-3CE8A4CDE169}.Debug|Any CPU.ActiveCfg = Debug|Any CPU
		{6F63D7D7-3195-499C-8A54-3CE8A4CDE169}.Debug|Any CPU.Build.0 = Debug|Any CPU
		{6F63D7D7-3195-499C-8A54-3CE8A4CDE169}.Release|Any CPU.ActiveCfg = Release|Any CPU
		{6F63D7D7-3195-499C-8A54-3CE8A4CDE169}.Release|Any CPU.Build.0 = Release|Any CPU
	EndGlobalSection
	GlobalSection(SolutionProperties) = preSolution
		HideSolutionNode = FALSE
	EndGlobalSection
	GlobalSection(ExtensibilityGlobals) = postSolution
		SolutionGuid = {0FB3FC57-0179-4211-9BA7-96555BFAA41F}
	EndGlobalSection
EndGlobal
